<?xml version="1.0" encoding="utf-8"?>
<Project ToolsVersion="4.0" xmlns="http://schemas.microsoft.com/developer/msbuild/2003">
  <ItemGroup>
    <Filter Include="Исходные файлы">
      <UniqueIdentifier>{4FC737F1-C7A5-4376-A066-2A32D752A2FF}</UniqueIdentifier>
      <Extensions>cpp;c;cc;cxx;c++;cppm;ixx;def;odl;idl;hpj;bat;asm;asmx</Extensions>
    </Filter>
    <Filter Include="Файлы заголовков">
      <UniqueIdentifier>{93995380-89BD-4b04-88EB-625FBE52EBFB}</UniqueIdentifier>
      <Extensions>h;hh;hpp;hxx;h++;hm;inl;inc;ipp;xsd</Extensions>
    </Filter>
    <Filter Include="Файлы ресурсов">
      <UniqueIdentifier>{67DA6AB6-F800-4c08-8B7A-83BB121AAD01}</UniqueIdentifier>
      <Extensions>rc;ico;cur;bmp;dlg;rc2;rct;bin;rgs;gif;jpg;jpeg;jpe;resx;tiff;tif;png;wav;mfcribbon-ms</Extensions>
    </Filter>
    <Filter Include="Данные">
      <UniqueIdentifier>{01207f31-3ece-4120-9b0e-5d917e0356e5}</UniqueIdentifier>
    </Filter>
  </ItemGroup>
  <ItemGroup>
    <ClCompile Include="lastprac.cpp">
      <Filter>Исходные файлы</Filter>
    </ClCompile>
    <ClCompile Include="User.cpp">
      <Filter>Файлы ресурсов</Filter>
    </ClCompile>
    <ClCompile Include="Guest.cpp">
      <Filter>Файлы ресурсов</Filter>
    </ClCompile>
    <ClCompile Include="Admin.cpp">
      <Filter>Файлы ресурсов</Filter>
    </ClCompile>
    <ClCompile Include="Employee.cpp">
      <Filter>Файлы ресурсов</Filter>
    </ClCompile>
    <ClCompile Include="Product.cpp">
      <Filter>Файлы ресурсов</Filter>
    </ClCompile>
    <ClCompile Include="MenuItem.cpp">
      <Filter>Файлы ресурсов</Filter>
    </ClCompile>
    <ClCompile Include="Order.cpp">
      <Filter>Файлы ресурсов</Filter>
    </ClCompile>
    <ClCompile Include="Restaurant.cpp">
      <Filter>Файлы ресурсов</Filter>
    </ClCompile>
    <ClCompile Include="Waiter.cpp">
      <Filter>Файлы ресурсов</Filter>
    </ClCompile>
    <ClCompile Include="Chef.cpp">
      <Filter>Файлы ресурсов</Filter>
    </ClCompile>
  </ItemGroup>
  <ItemGroup>
    <ClInclude Include="User.h">
      <Filter>Файлы заголовков</Filter>
    </ClInclude>
    <ClInclude Include="Guest.h">
      <Filter>Файлы заголовков</Filter>
    </ClInclude>
    <ClInclude Include="Admin.h">
      <Filter>Файлы заголовков</Filter>
    </ClInclude>
    <ClInclude Include="Employee.h">
      <Filter>Файлы заголовков</Filter>
    </ClInclude>
    <ClInclude Include="Product.h">
      <Filter>Файлы заголовков</Filter>
    </ClInclude>
    <ClInclude Include="MenuItem.h">
      <Filter>Файлы заголовков</Filter>
    </ClInclude>
    <ClInclude Include="Order.h">
      <Filter>Файлы заголовков</Filter>
    </ClInclude>
    <ClInclude Include="Restaurant.h">
      <Filter>Файлы заголовков</Filter>
    </ClInclude>
    <ClInclude Include="Waiter.h">
      <Filter>Файлы заголовков</Filter>
    </ClInclude>
    <ClInclude Include="Chef.h">
      <Filter>Файлы заголовков</Filter>
    </ClInclude>
  </ItemGroup>
  <ItemGroup>
    <Text Include="Admins.txt">
      <Filter>Данные</Filter>
    </Text>
    <Text Include="Guests.txt">
      <Filter>Данные</Filter>
    </Text>
    <Text Include="Chefs.txt">
      <Filter>Данные</Filter>
    </Text>
    <Text Include="Weiters.txt">
      <Filter>Данные</Filter>
    </Text>
  </ItemGroup>
</Project>